
Microsoft Visual Studio Solution File, Format Version 12.00
# Visual Studio Version 16
VisualStudioVersion = 16.0.32929.386
MinimumVisualStudioVersion = 10.0.40219.1
Project("{FAE04EC0-301F-11D3-BF4B-00C04F79EFBC}") = "HenMacro", "HenMacro.csproj", "{D76A4651-935C-4A2F-B7C8-116E40E3F7CC}"
EndProject
Global
	GlobalSection(SolutionConfigurationPlatforms) = preSolution
		Debug|Any CPU = Debug|Any CPU
		Release|Any CPU = Release|Any CPU
	EndGlobalSection
	GlobalSection(ProjectConfigurationPlatforms) = postSolution
		{D76A4651-935C-4A2F-B7C8-116E40E3F7CC}.Debug|Any CPU.ActiveCfg = Debug|Any CPU
		{D76A4651-935C-4A2F-B7C8-116E40E3F7CC}.Debug|Any CPU.Build.0 = Debug|Any CPU
		{D76A4651-935C-4A2F-B7C8-116E40E3F7CC}.Release|Any CPU.ActiveCfg = Release|Any CPU
		{D76A4651-935C-4A2F-B7C8-116E40E3F7CC}.Release|Any CPU.Build.0 = Release|Any CPU
	EndGlobalSection
	GlobalSection(SolutionProperties) = preSolution
		HideSolutionNode = FALSE
	EndGlobalSection
	GlobalSection(ExtensibilityGlobals) = postSolution
		SolutionGuid = {E91D2D22-2DBD-41BA-AF53-B95CE062C61D}
	EndGlobalSection
EndGlobal
